{
    "_readme": [
        "This file locks the dependencies of your project to a known state",
        "Read more about it at https://getcomposer.org/doc/01-basic-usage.md#installing-dependencies",
        "This file is @generated automatically"
    ],
    "content-hash": "0801dc76c62b7624691dd2eb12caf7a0",
    "packages": [
        {
            "name": "pocketmine/binaryutils",
            "version": "0.2.1",
            "source": {
                "type": "git",
                "url": "https://github.com/pmmp/BinaryUtils.git",
                "reference": "8cd078e2426f8100331f2d73bef10f481dad6cde"
            },
            "dist": {
                "type": "zip",
                "url": "https://api.github.com/repos/pmmp/BinaryUtils/zipball/8cd078e2426f8100331f2d73bef10f481dad6cde",
                "reference": "8cd078e2426f8100331f2d73bef10f481dad6cde",
                "shasum": ""
            },
            "require": {
                "php": "^7.4 || ^8.0",
                "php-64bit": "*"
            },
            "require-dev": {
                "phpstan/extension-installer": "^1.0",
                "phpstan/phpstan": "0.12.85",
                "phpstan/phpstan-strict-rules": "^0.12.4"
            },
            "type": "library",
            "autoload": {
                "psr-4": {
                    "pocketmine\\utils\\": "src/"
                }
            },
            "notification-url": "https://packagist.org/downloads/",
            "license": [
                "LGPL-3.0"
            ],
            "description": "Classes and methods for conveniently handling binary data",
            "support": {
                "issues": "https://github.com/pmmp/BinaryUtils/issues",
                "source": "https://github.com/pmmp/BinaryUtils/tree/0.2.1"
            },
            "time": "2021-05-30T19:42:57+00:00"
        }
    ],
    "packages-dev": [],
    "aliases": [],
    "minimum-stability": "stable",
    "stability-flags": [],
    "prefer-stable": false,
    "prefer-lowest": false,
    "platform": [],
    "platform-dev": [],
    "plugin-api-version": "2.1.0"
}
